
Microsoft Visual Studio Solution File, Format Version 12.00
# Visual Studio Version 17
VisualStudioVersion = 17.3.32922.545
MinimumVisualStudioVersion = 10.0.40219.1
Project("{9A19103F-16F7-4668-BE54-9A1E7A4F7556}") = "PocMarten.Api", "PocMarten.Api\PocMarten.Api.csproj", "{C6BCB6AA-8C5C-445F-912E-CA391131CDD1}"
EndProject
Project("{2150E333-8FDC-42A3-9474-1A3956D46DE8}") = "Items", "Items", "{7DAB807F-F83E-434A-977F-421AA728718B}"
	ProjectSection(SolutionItems) = preProject
		..\.gitignore = ..\.gitignore
		..\README.md = ..\README.md
	EndProjectSection
EndProject
Project("{2150E333-8FDC-42A3-9474-1A3956D46DE8}") = "tests", "tests", "{B4859F30-D49F-41F3-A6B2-B5B64DDF87F6}"
EndProject
Project("{9A19103F-16F7-4668-BE54-9A1E7A4F7556}") = "PocMarten.Tests", "PocMarten.Tests\PocMarten.Tests.csproj", "{A68EC463-66BB-4560-86B2-5CE5099148D5}"
EndProject
Project("{2150E333-8FDC-42A3-9474-1A3956D46DE8}") = "LocalStack", "LocalStack", "{ADCB1DE7-CA81-44FE-AC47-0A960C47A03C}"
	ProjectSection(SolutionItems) = preProject
		..\LocalStack\docker-compose.yml = ..\LocalStack\docker-compose.yml
		..\LocalStack\README.md = ..\LocalStack\README.md
	EndProjectSection
EndProject
Global
	GlobalSection(SolutionConfigurationPlatforms) = preSolution
		Debug|Any CPU = Debug|Any CPU
		Release|Any CPU = Release|Any CPU
	EndGlobalSection
	GlobalSection(ProjectConfigurationPlatforms) = postSolution
		{C6BCB6AA-8C5C-445F-912E-CA391131CDD1}.Debug|Any CPU.ActiveCfg = Debug|Any CPU
		{C6BCB6AA-8C5C-445F-912E-CA391131CDD1}.Debug|Any CPU.Build.0 = Debug|Any CPU
		{C6BCB6AA-8C5C-445F-912E-CA391131CDD1}.Release|Any CPU.ActiveCfg = Release|Any CPU
		{C6BCB6AA-8C5C-445F-912E-CA391131CDD1}.Release|Any CPU.Build.0 = Release|Any CPU
		{A68EC463-66BB-4560-86B2-5CE5099148D5}.Debug|Any CPU.ActiveCfg = Debug|Any CPU
		{A68EC463-66BB-4560-86B2-5CE5099148D5}.Debug|Any CPU.Build.0 = Debug|Any CPU
		{A68EC463-66BB-4560-86B2-5CE5099148D5}.Release|Any CPU.ActiveCfg = Release|Any CPU
		{A68EC463-66BB-4560-86B2-5CE5099148D5}.Release|Any CPU.Build.0 = Release|Any CPU
	EndGlobalSection
	GlobalSection(SolutionProperties) = preSolution
		HideSolutionNode = FALSE
	EndGlobalSection
	GlobalSection(NestedProjects) = preSolution
		{A68EC463-66BB-4560-86B2-5CE5099148D5} = {B4859F30-D49F-41F3-A6B2-B5B64DDF87F6}
		{ADCB1DE7-CA81-44FE-AC47-0A960C47A03C} = {7DAB807F-F83E-434A-977F-421AA728718B}
	EndGlobalSection
	GlobalSection(ExtensibilityGlobals) = postSolution
		SolutionGuid = {1860030B-482A-40F0-B1F6-40148E38C7E5}
	EndGlobalSection
EndGlobal
